
Microsoft Visual Studio Solution File, Format Version 12.00
# Visual Studio Version 17
VisualStudioVersion = 17.0.32014.148
MinimumVisualStudioVersion = 10.0.40219.1
Project("{9A19103F-16F7-4668-BE54-9A1E7A4F7556}") = "Entities", "Entities\Entities.csproj", "{026FC253-8942-4BDA-B920-8C8321780428}"
EndProject
Project("{9A19103F-16F7-4668-BE54-9A1E7A4F7556}") = "Utils", "Utils\Utils.csproj", "{8EE87F29-C97D-4805-9285-E3ABBA8F9B06}"
EndProject
Project("{2150E333-8FDC-42A3-9474-1A3956D46DE8}") = "0 Utils", "0 Utils", "{CAA548B8-CB3E-40FC-BA72-EC3F60A0EF3A}"
EndProject
Project("{2150E333-8FDC-42A3-9474-1A3956D46DE8}") = "2 Entities", "2 Entities", "{300B7C29-7BF7-4EF1-8135-A3C3277331F1}"
EndProject
Project("{9A19103F-16F7-4668-BE54-9A1E7A4F7556}") = "DomainServices.Implementation", "DomainServices.Implementation\DomainServices.Implementation.csproj", "{935ECCB7-597B-444C-B843-51E728C9268D}"
EndProject
Project("{2150E333-8FDC-42A3-9474-1A3956D46DE8}") = "3 Infrastructure.Interfaces", "3 Infrastructure.Interfaces", "{5528CEC2-8C8B-4B5F-8AEF-85EA722252A5}"
EndProject
Project("{9A19103F-16F7-4668-BE54-9A1E7A4F7556}") = "DomainServices.Interfaces", "DomainServices.Interfaces\DomainServices.Interfaces.csproj", "{CC63721B-8769-40ED-9316-F84DE4444455}"
EndProject
Project("{9A19103F-16F7-4668-BE54-9A1E7A4F7556}") = "DataAccess.Interfaces", "Infrastructure.Interfaces\DataAccess.Interfaces.csproj", "{7BB6B8C2-64E6-41EB-A9E4-1EFA3E9749B9}"
EndProject
Project("{9A19103F-16F7-4668-BE54-9A1E7A4F7556}") = "DataAccess.MsSql", "DataAccess.MsSql\DataAccess.MsSql.csproj", "{628B3AAE-5B2D-4982-9C46-59EF167A0F27}"
EndProject
Project("{2150E333-8FDC-42A3-9474-1A3956D46DE8}") = "6 Infrastructure.Implementation", "6 Infrastructure.Implementation", "{36947067-F049-4875-92AF-4F670134D7F8}"
EndProject
Project("{9A19103F-16F7-4668-BE54-9A1E7A4F7556}") = "ApplicationServices.Interfaces", "ApplicationServices.Interfaces\ApplicationServices.Interfaces.csproj", "{DBC10BE8-BA0D-44A5-9F7F-087BC3009509}"
EndProject
Project("{9A19103F-16F7-4668-BE54-9A1E7A4F7556}") = "ApplicationServices.Implementation", "ApplicationServices.Implementation\ApplicationServices.Implementation.csproj", "{EDD0CF64-2D42-4BFB-B81A-22EB7E3A14AC}"
EndProject
Project("{9A19103F-16F7-4668-BE54-9A1E7A4F7556}") = "Workflow.Interfaces", "Workflow.Interfaces\Workflow.Interfaces.csproj", "{56609929-3721-4B3C-8AAC-8DE9F79A4543}"
EndProject
Project("{9A19103F-16F7-4668-BE54-9A1E7A4F7556}") = "Collecting.Interfaces", "Collecting.Interfaces\Collecting.Interfaces.csproj", "{AE37A6F3-1425-44AA-AD7E-4F78EC358FE1}"
EndProject
Project("{9A19103F-16F7-4668-BE54-9A1E7A4F7556}") = "Workflow.Ecom", "Workflow.Ecom\Workflow.Ecom.csproj", "{5FAF2E7E-7088-4DC8-8D40-88781E0D0DD6}"
EndProject
Project("{9A19103F-16F7-4668-BE54-9A1E7A4F7556}") = "Collecting.Fozzy", "Collecting.Fozzy\Collecting.Fozzy.csproj", "{2C301AC7-32D8-4C11-A26D-98B08F53A0A5}"
EndProject
Project("{9A19103F-16F7-4668-BE54-9A1E7A4F7556}") = "WebSiteService.Interfaces", "Website.Interfaces\WebSiteService.Interfaces.csproj", "{3D563AD1-DB6B-441D-864B-39D93450D4E6}"
EndProject
Project("{9A19103F-16F7-4668-BE54-9A1E7A4F7556}") = "WebSite.Presta", "WebSite.Presta\WebSite.Presta.csproj", "{69775FDB-FBD5-407A-BF3A-50D566AF6E6B}"
EndProject
Project("{2150E333-8FDC-42A3-9474-1A3956D46DE8}") = "5 Use Cases", "5 Use Cases", "{06076808-3F2F-4CDD-830C-D1508ED75D33}"
EndProject
Project("{9A19103F-16F7-4668-BE54-9A1E7A4F7556}") = "Workflow.UseCases", "Workflow.UseCases\Workflow.UseCases.csproj", "{195A1049-28BC-48D9-94AA-E9FBF01BF4CD}"
EndProject
Project("{9A19103F-16F7-4668-BE54-9A1E7A4F7556}") = "Collecting.Controllers", "Collecting.Controllers\Collecting.Controllers.csproj", "{91A2B47B-1DDD-443E-BCF2-FE8BC6EEE22E}"
EndProject
Project("{9A19103F-16F7-4668-BE54-9A1E7A4F7556}") = "Workflow.Controllers", "Workflow.Controllers\Workflow.Controllers.csproj", "{E068D715-61D9-4409-8DA2-15CA930A705E}"
EndProject
Project("{2150E333-8FDC-42A3-9474-1A3956D46DE8}") = "Collecting", "Collecting", "{C97D301D-5E0D-4C67-8DFE-7081466EBD55}"
EndProject
Project("{2150E333-8FDC-42A3-9474-1A3956D46DE8}") = "Workflow", "Workflow", "{8084B0FF-24C8-4D00-A42A-27B1C44E612C}"
EndProject
Project("{9A19103F-16F7-4668-BE54-9A1E7A4F7556}") = "Basket.Interfaces", "Basket.Interfaces\Basket.Interfaces.csproj", "{EAAAA6FC-C3C2-441B-83B9-29AF2D8A21BB}"
EndProject
Project("{9A19103F-16F7-4668-BE54-9A1E7A4F7556}") = "Basket.Ecom", "Basket.Ecom\Basket.Ecom.csproj", "{CD30F89E-F052-4B96-B2B7-C9F20ABC50D7}"
EndProject
Project("{2150E333-8FDC-42A3-9474-1A3956D46DE8}") = "Expansion", "Expansion", "{B73C0778-8F3F-414F-85E1-FE0259467B3E}"
EndProject
Project("{9A19103F-16F7-4668-BE54-9A1E7A4F7556}") = "HealthCheck.Controllers", "HealthCheck.Controllers\HealthCheck.Controllers.csproj", "{5B1A3FEA-B50B-456C-84B1-B2ED0B987742}"
EndProject
Project("{9A19103F-16F7-4668-BE54-9A1E7A4F7556}") = "HealthCheck.UseCases", "HealthCheck.UseCases\HealthCheck.UseCases.csproj", "{B56515D0-B708-48FE-8E16-EDBEC6B69CE0}"
EndProject
Project("{2150E333-8FDC-42A3-9474-1A3956D46DE8}") = "Solution Items", "Solution Items", "{80EA23EA-5850-4B2B-9F77-56AB0A311942}"
	ProjectSection(SolutionItems) = preProject
		.editorconfig = .editorconfig
	EndProjectSection
EndProject
Project("{9A19103F-16F7-4668-BE54-9A1E7A4F7556}") = "ECom.Expansion.UnitTests", "ECom.Expansion.UnitTests\ECom.Expansion.UnitTests.csproj", "{0DE0664D-B59E-4DAF-9E76-6180C6D8F02F}"
EndProject
Project("{9A19103F-16F7-4668-BE54-9A1E7A4F7556}") = "ECom.Expansion.IntegrationTests", "ECom.Expansion.IntegrationTests\ECom.Expansion.IntegrationTests.csproj", "{1A970B9D-716D-463F-9B8B-AAE7BE20F15E}"
EndProject
Project("{2150E333-8FDC-42A3-9474-1A3956D46DE8}") = "9 Tests", "9 Tests", "{FFD7F36F-1044-4DC4-81DC-12BDDF4ED0C4}"
EndProject
Project("{9A19103F-16F7-4668-BE54-9A1E7A4F7556}") = "DataAccess.Proxy", "DataAccess.Proxy\DataAccess.Proxy.csproj", "{BFF7AE9F-4598-45AD-B269-6C5CD3CD6A7A}"
EndProject
Project("{9A19103F-16F7-4668-BE54-9A1E7A4F7556}") = "ReadOnlyDataAccess.Proxy", "ReadOnlyDataAccess.Proxy\ReadOnlyDataAccess.Proxy.csproj", "{9D90FAA7-0A99-4F2D-B7D4-3A5BE8306406}"
EndProject
Project("{2150E333-8FDC-42A3-9474-1A3956D46DE8}") = "1 ECom Types", "1 ECom Types", "{475816D6-D421-4CF2-BEB9-52B7BC302003}"
EndProject
Project("{9A19103F-16F7-4668-BE54-9A1E7A4F7556}") = "Catalog.Interfaces", "Catalog.Interfaces\Catalog.Interfaces.csproj", "{02097C02-29D8-4619-AA23-F8BB39BAF4A9}"
EndProject
Project("{9A19103F-16F7-4668-BE54-9A1E7A4F7556}") = "Catalog.Ecom", "Catalog.Ecom\Catalog.Ecom.csproj", "{E0FFAEBC-A146-4406-8B25-1CF9708178A0}"
EndProject
Project("{2150E333-8FDC-42A3-9474-1A3956D46DE8}") = "1 ECom Entities", "1 ECom Entities", "{D3188470-465A-4856-B332-878D17E658B2}"
EndProject
Project("{9A19103F-16F7-4668-BE54-9A1E7A4F7556}") = "ECom.Entities", "ECom.Entities\ECom.Entities.csproj", "{96DFE7E9-843E-4445-969A-9EA7BC995CE2}"
EndProject
Project("{9A19103F-16F7-4668-BE54-9A1E7A4F7556}") = "Collecting.UseCases", "Collecting.UseCases\Collecting.UseCases.csproj", "{79F0177B-E650-4B2D-B5C8-48331A0771D8}"
EndProject
Project("{9A19103F-16F7-4668-BE54-9A1E7A4F7556}") = "ECom.Expansion.TestHelpers", "ECom.Expansion.TestHelpers\ECom.Expansion.TestHelpers.csproj", "{E52901FA-E17C-4F77-9968-9FA1D89B948E}"
EndProject
Project("{2150E333-8FDC-42A3-9474-1A3956D46DE8}") = "4 Application", "4 Application", "{909B2CD7-F16B-4D4E-84C4-916B2B6AAB58}"
EndProject
Project("{9A19103F-16F7-4668-BE54-9A1E7A4F7556}") = "ECom.Expansion.Service", "ECom.Expansion.Service\ECom.Expansion.Service.csproj", "{C30891E3-8BCD-4C41-A1B0-FB585DD513EC}"
EndProject
Project("{9A19103F-16F7-4668-BE54-9A1E7A4F7556}") = "ECom.Expansion.Benchmarks", "ECom.Expansion.Benchmarks\ECom.Expansion.Benchmarks.csproj", "{D19846C3-0FC7-49E6-A8A8-CFB32746828D}"
EndProject
Project("{FAE04EC0-301F-11D3-BF4B-00C04F79EFBC}") = "Expansion.Interfaces", "Expansion.Interfaces\Expansion.Interfaces.csproj", "{5565FAB8-F1F1-4BF8-BCB6-3F47CC7D96F2}"
EndProject
Project("{FAE04EC0-301F-11D3-BF4B-00C04F79EFBC}") = "Expansion.Ecom", "Expansion.Ecom\Expansion.Ecom.csproj", "{8275B7E2-9640-450E-8C59-C671ADCD782F}"
EndProject
Global
	GlobalSection(SolutionConfigurationPlatforms) = preSolution
		Debug|Any CPU = Debug|Any CPU
		Release|Any CPU = Release|Any CPU
	EndGlobalSection
	GlobalSection(ProjectConfigurationPlatforms) = postSolution
		{026FC253-8942-4BDA-B920-8C8321780428}.Debug|Any CPU.ActiveCfg = Debug|Any CPU
		{026FC253-8942-4BDA-B920-8C8321780428}.Debug|Any CPU.Build.0 = Debug|Any CPU
		{026FC253-8942-4BDA-B920-8C8321780428}.Release|Any CPU.ActiveCfg = Release|Any CPU
		{026FC253-8942-4BDA-B920-8C8321780428}.Release|Any CPU.Build.0 = Release|Any CPU
		{8EE87F29-C97D-4805-9285-E3ABBA8F9B06}.Debug|Any CPU.ActiveCfg = Debug|Any CPU
		{8EE87F29-C97D-4805-9285-E3ABBA8F9B06}.Debug|Any CPU.Build.0 = Debug|Any CPU
		{8EE87F29-C97D-4805-9285-E3ABBA8F9B06}.Release|Any CPU.ActiveCfg = Release|Any CPU
		{8EE87F29-C97D-4805-9285-E3ABBA8F9B06}.Release|Any CPU.Build.0 = Release|Any CPU
		{935ECCB7-597B-444C-B843-51E728C9268D}.Debug|Any CPU.ActiveCfg = Debug|Any CPU
		{935ECCB7-597B-444C-B843-51E728C9268D}.Debug|Any CPU.Build.0 = Debug|Any CPU
		{935ECCB7-597B-444C-B843-51E728C9268D}.Release|Any CPU.ActiveCfg = Release|Any CPU
		{935ECCB7-597B-444C-B843-51E728C9268D}.Release|Any CPU.Build.0 = Release|Any CPU
		{CC63721B-8769-40ED-9316-F84DE4444455}.Debug|Any CPU.ActiveCfg = Debug|Any CPU
		{CC63721B-8769-40ED-9316-F84DE4444455}.Debug|Any CPU.Build.0 = Debug|Any CPU
		{CC63721B-8769-40ED-9316-F84DE4444455}.Release|Any CPU.ActiveCfg = Release|Any CPU
		{CC63721B-8769-40ED-9316-F84DE4444455}.Release|Any CPU.Build.0 = Release|Any CPU
		{7BB6B8C2-64E6-41EB-A9E4-1EFA3E9749B9}.Debug|Any CPU.ActiveCfg = Debug|Any CPU
		{7BB6B8C2-64E6-41EB-A9E4-1EFA3E9749B9}.Debug|Any CPU.Build.0 = Debug|Any CPU
		{7BB6B8C2-64E6-41EB-A9E4-1EFA3E9749B9}.Release|Any CPU.ActiveCfg = Release|Any CPU
		{7BB6B8C2-64E6-41EB-A9E4-1EFA3E9749B9}.Release|Any CPU.Build.0 = Release|Any CPU
		{628B3AAE-5B2D-4982-9C46-59EF167A0F27}.Debug|Any CPU.ActiveCfg = Debug|Any CPU
		{628B3AAE-5B2D-4982-9C46-59EF167A0F27}.Debug|Any CPU.Build.0 = Debug|Any CPU
		{628B3AAE-5B2D-4982-9C46-59EF167A0F27}.Release|Any CPU.ActiveCfg = Release|Any CPU
		{628B3AAE-5B2D-4982-9C46-59EF167A0F27}.Release|Any CPU.Build.0 = Release|Any CPU
		{DBC10BE8-BA0D-44A5-9F7F-087BC3009509}.Debug|Any CPU.ActiveCfg = Debug|Any CPU
		{DBC10BE8-BA0D-44A5-9F7F-087BC3009509}.Debug|Any CPU.Build.0 = Debug|Any CPU
		{DBC10BE8-BA0D-44A5-9F7F-087BC3009509}.Release|Any CPU.ActiveCfg = Release|Any CPU
		{DBC10BE8-BA0D-44A5-9F7F-087BC3009509}.Release|Any CPU.Build.0 = Release|Any CPU
		{EDD0CF64-2D42-4BFB-B81A-22EB7E3A14AC}.Debug|Any CPU.ActiveCfg = Debug|Any CPU
		{EDD0CF64-2D42-4BFB-B81A-22EB7E3A14AC}.Debug|Any CPU.Build.0 = Debug|Any CPU
		{EDD0CF64-2D42-4BFB-B81A-22EB7E3A14AC}.Release|Any CPU.ActiveCfg = Release|Any CPU
		{EDD0CF64-2D42-4BFB-B81A-22EB7E3A14AC}.Release|Any CPU.Build.0 = Release|Any CPU
		{56609929-3721-4B3C-8AAC-8DE9F79A4543}.Debug|Any CPU.ActiveCfg = Debug|Any CPU
		{56609929-3721-4B3C-8AAC-8DE9F79A4543}.Debug|Any CPU.Build.0 = Debug|Any CPU
		{56609929-3721-4B3C-8AAC-8DE9F79A4543}.Release|Any CPU.ActiveCfg = Release|Any CPU
		{56609929-3721-4B3C-8AAC-8DE9F79A4543}.Release|Any CPU.Build.0 = Release|Any CPU
		{AE37A6F3-1425-44AA-AD7E-4F78EC358FE1}.Debug|Any CPU.ActiveCfg = Debug|Any CPU
		{AE37A6F3-1425-44AA-AD7E-4F78EC358FE1}.Debug|Any CPU.Build.0 = Debug|Any CPU
		{AE37A6F3-1425-44AA-AD7E-4F78EC358FE1}.Release|Any CPU.ActiveCfg = Release|Any CPU
		{AE37A6F3-1425-44AA-AD7E-4F78EC358FE1}.Release|Any CPU.Build.0 = Release|Any CPU
		{5FAF2E7E-7088-4DC8-8D40-88781E0D0DD6}.Debug|Any CPU.ActiveCfg = Debug|Any CPU
		{5FAF2E7E-7088-4DC8-8D40-88781E0D0DD6}.Debug|Any CPU.Build.0 = Debug|Any CPU
		{5FAF2E7E-7088-4DC8-8D40-88781E0D0DD6}.Release|Any CPU.ActiveCfg = Release|Any CPU
		{5FAF2E7E-7088-4DC8-8D40-88781E0D0DD6}.Release|Any CPU.Build.0 = Release|Any CPU
		{2C301AC7-32D8-4C11-A26D-98B08F53A0A5}.Debug|Any CPU.ActiveCfg = Debug|Any CPU
		{2C301AC7-32D8-4C11-A26D-98B08F53A0A5}.Debug|Any CPU.Build.0 = Debug|Any CPU
		{2C301AC7-32D8-4C11-A26D-98B08F53A0A5}.Release|Any CPU.ActiveCfg = Release|Any CPU
		{2C301AC7-32D8-4C11-A26D-98B08F53A0A5}.Release|Any CPU.Build.0 = Release|Any CPU
		{3D563AD1-DB6B-441D-864B-39D93450D4E6}.Debug|Any CPU.ActiveCfg = Debug|Any CPU
		{3D563AD1-DB6B-441D-864B-39D93450D4E6}.Debug|Any CPU.Build.0 = Debug|Any CPU
		{3D563AD1-DB6B-441D-864B-39D93450D4E6}.Release|Any CPU.ActiveCfg = Release|Any CPU
		{3D563AD1-DB6B-441D-864B-39D93450D4E6}.Release|Any CPU.Build.0 = Release|Any CPU
		{69775FDB-FBD5-407A-BF3A-50D566AF6E6B}.Debug|Any CPU.ActiveCfg = Debug|Any CPU
		{69775FDB-FBD5-407A-BF3A-50D566AF6E6B}.Debug|Any CPU.Build.0 = Debug|Any CPU
		{69775FDB-FBD5-407A-BF3A-50D566AF6E6B}.Release|Any CPU.ActiveCfg = Release|Any CPU
		{69775FDB-FBD5-407A-BF3A-50D566AF6E6B}.Release|Any CPU.Build.0 = Release|Any CPU
		{195A1049-28BC-48D9-94AA-E9FBF01BF4CD}.Debug|Any CPU.ActiveCfg = Debug|Any CPU
		{195A1049-28BC-48D9-94AA-E9FBF01BF4CD}.Debug|Any CPU.Build.0 = Debug|Any CPU
		{195A1049-28BC-48D9-94AA-E9FBF01BF4CD}.Release|Any CPU.ActiveCfg = Release|Any CPU
		{195A1049-28BC-48D9-94AA-E9FBF01BF4CD}.Release|Any CPU.Build.0 = Release|Any CPU
		{91A2B47B-1DDD-443E-BCF2-FE8BC6EEE22E}.Debug|Any CPU.ActiveCfg = Debug|Any CPU
		{91A2B47B-1DDD-443E-BCF2-FE8BC6EEE22E}.Debug|Any CPU.Build.0 = Debug|Any CPU
		{91A2B47B-1DDD-443E-BCF2-FE8BC6EEE22E}.Release|Any CPU.ActiveCfg = Release|Any CPU
		{91A2B47B-1DDD-443E-BCF2-FE8BC6EEE22E}.Release|Any CPU.Build.0 = Release|Any CPU
		{E068D715-61D9-4409-8DA2-15CA930A705E}.Debug|Any CPU.ActiveCfg = Debug|Any CPU
		{E068D715-61D9-4409-8DA2-15CA930A705E}.Debug|Any CPU.Build.0 = Debug|Any CPU
		{E068D715-61D9-4409-8DA2-15CA930A705E}.Release|Any CPU.ActiveCfg = Release|Any CPU
		{E068D715-61D9-4409-8DA2-15CA930A705E}.Release|Any CPU.Build.0 = Release|Any CPU
		{EAAAA6FC-C3C2-441B-83B9-29AF2D8A21BB}.Debug|Any CPU.ActiveCfg = Debug|Any CPU
		{EAAAA6FC-C3C2-441B-83B9-29AF2D8A21BB}.Debug|Any CPU.Build.0 = Debug|Any CPU
		{EAAAA6FC-C3C2-441B-83B9-29AF2D8A21BB}.Release|Any CPU.ActiveCfg = Release|Any CPU
		{EAAAA6FC-C3C2-441B-83B9-29AF2D8A21BB}.Release|Any CPU.Build.0 = Release|Any CPU
		{CD30F89E-F052-4B96-B2B7-C9F20ABC50D7}.Debug|Any CPU.ActiveCfg = Debug|Any CPU
		{CD30F89E-F052-4B96-B2B7-C9F20ABC50D7}.Debug|Any CPU.Build.0 = Debug|Any CPU
		{CD30F89E-F052-4B96-B2B7-C9F20ABC50D7}.Release|Any CPU.ActiveCfg = Release|Any CPU
		{CD30F89E-F052-4B96-B2B7-C9F20ABC50D7}.Release|Any CPU.Build.0 = Release|Any CPU
		{5B1A3FEA-B50B-456C-84B1-B2ED0B987742}.Debug|Any CPU.ActiveCfg = Debug|Any CPU
		{5B1A3FEA-B50B-456C-84B1-B2ED0B987742}.Debug|Any CPU.Build.0 = Debug|Any CPU
		{5B1A3FEA-B50B-456C-84B1-B2ED0B987742}.Release|Any CPU.ActiveCfg = Release|Any CPU
		{5B1A3FEA-B50B-456C-84B1-B2ED0B987742}.Release|Any CPU.Build.0 = Release|Any CPU
		{B56515D0-B708-48FE-8E16-EDBEC6B69CE0}.Debug|Any CPU.ActiveCfg = Debug|Any CPU
		{B56515D0-B708-48FE-8E16-EDBEC6B69CE0}.Debug|Any CPU.Build.0 = Debug|Any CPU
		{B56515D0-B708-48FE-8E16-EDBEC6B69CE0}.Release|Any CPU.ActiveCfg = Release|Any CPU
		{B56515D0-B708-48FE-8E16-EDBEC6B69CE0}.Release|Any CPU.Build.0 = Release|Any CPU
		{0DE0664D-B59E-4DAF-9E76-6180C6D8F02F}.Debug|Any CPU.ActiveCfg = Debug|Any CPU
		{0DE0664D-B59E-4DAF-9E76-6180C6D8F02F}.Debug|Any CPU.Build.0 = Debug|Any CPU
		{0DE0664D-B59E-4DAF-9E76-6180C6D8F02F}.Release|Any CPU.ActiveCfg = Release|Any CPU
		{0DE0664D-B59E-4DAF-9E76-6180C6D8F02F}.Release|Any CPU.Build.0 = Release|Any CPU
		{1A970B9D-716D-463F-9B8B-AAE7BE20F15E}.Debug|Any CPU.ActiveCfg = Debug|Any CPU
		{1A970B9D-716D-463F-9B8B-AAE7BE20F15E}.Debug|Any CPU.Build.0 = Debug|Any CPU
		{1A970B9D-716D-463F-9B8B-AAE7BE20F15E}.Release|Any CPU.ActiveCfg = Release|Any CPU
		{1A970B9D-716D-463F-9B8B-AAE7BE20F15E}.Release|Any CPU.Build.0 = Release|Any CPU
		{BFF7AE9F-4598-45AD-B269-6C5CD3CD6A7A}.Debug|Any CPU.ActiveCfg = Debug|Any CPU
		{BFF7AE9F-4598-45AD-B269-6C5CD3CD6A7A}.Debug|Any CPU.Build.0 = Debug|Any CPU
		{BFF7AE9F-4598-45AD-B269-6C5CD3CD6A7A}.Release|Any CPU.ActiveCfg = Release|Any CPU
		{BFF7AE9F-4598-45AD-B269-6C5CD3CD6A7A}.Release|Any CPU.Build.0 = Release|Any CPU
		{9D90FAA7-0A99-4F2D-B7D4-3A5BE8306406}.Debug|Any CPU.ActiveCfg = Debug|Any CPU
		{9D90FAA7-0A99-4F2D-B7D4-3A5BE8306406}.Debug|Any CPU.Build.0 = Debug|Any CPU
		{9D90FAA7-0A99-4F2D-B7D4-3A5BE8306406}.Release|Any CPU.ActiveCfg = Release|Any CPU
		{9D90FAA7-0A99-4F2D-B7D4-3A5BE8306406}.Release|Any CPU.Build.0 = Release|Any CPU
		{02097C02-29D8-4619-AA23-F8BB39BAF4A9}.Debug|Any CPU.ActiveCfg = Debug|Any CPU
		{02097C02-29D8-4619-AA23-F8BB39BAF4A9}.Debug|Any CPU.Build.0 = Debug|Any CPU
		{02097C02-29D8-4619-AA23-F8BB39BAF4A9}.Release|Any CPU.ActiveCfg = Release|Any CPU
		{02097C02-29D8-4619-AA23-F8BB39BAF4A9}.Release|Any CPU.Build.0 = Release|Any CPU
		{E0FFAEBC-A146-4406-8B25-1CF9708178A0}.Debug|Any CPU.ActiveCfg = Debug|Any CPU
		{E0FFAEBC-A146-4406-8B25-1CF9708178A0}.Debug|Any CPU.Build.0 = Debug|Any CPU
		{E0FFAEBC-A146-4406-8B25-1CF9708178A0}.Release|Any CPU.ActiveCfg = Release|Any CPU
		{E0FFAEBC-A146-4406-8B25-1CF9708178A0}.Release|Any CPU.Build.0 = Release|Any CPU
		{96DFE7E9-843E-4445-969A-9EA7BC995CE2}.Debug|Any CPU.ActiveCfg = Debug|Any CPU
		{96DFE7E9-843E-4445-969A-9EA7BC995CE2}.Debug|Any CPU.Build.0 = Debug|Any CPU
		{96DFE7E9-843E-4445-969A-9EA7BC995CE2}.Release|Any CPU.ActiveCfg = Release|Any CPU
		{96DFE7E9-843E-4445-969A-9EA7BC995CE2}.Release|Any CPU.Build.0 = Release|Any CPU
		{79F0177B-E650-4B2D-B5C8-48331A0771D8}.Debug|Any CPU.ActiveCfg = Debug|Any CPU
		{79F0177B-E650-4B2D-B5C8-48331A0771D8}.Debug|Any CPU.Build.0 = Debug|Any CPU
		{79F0177B-E650-4B2D-B5C8-48331A0771D8}.Release|Any CPU.ActiveCfg = Release|Any CPU
		{79F0177B-E650-4B2D-B5C8-48331A0771D8}.Release|Any CPU.Build.0 = Release|Any CPU
		{E52901FA-E17C-4F77-9968-9FA1D89B948E}.Debug|Any CPU.ActiveCfg = Debug|Any CPU
		{E52901FA-E17C-4F77-9968-9FA1D89B948E}.Debug|Any CPU.Build.0 = Debug|Any CPU
		{E52901FA-E17C-4F77-9968-9FA1D89B948E}.Release|Any CPU.ActiveCfg = Release|Any CPU
		{E52901FA-E17C-4F77-9968-9FA1D89B948E}.Release|Any CPU.Build.0 = Release|Any CPU
		{C30891E3-8BCD-4C41-A1B0-FB585DD513EC}.Debug|Any CPU.ActiveCfg = Debug|Any CPU
		{C30891E3-8BCD-4C41-A1B0-FB585DD513EC}.Debug|Any CPU.Build.0 = Debug|Any CPU
		{C30891E3-8BCD-4C41-A1B0-FB585DD513EC}.Release|Any CPU.ActiveCfg = Release|Any CPU
		{C30891E3-8BCD-4C41-A1B0-FB585DD513EC}.Release|Any CPU.Build.0 = Release|Any CPU
		{D19846C3-0FC7-49E6-A8A8-CFB32746828D}.Debug|Any CPU.ActiveCfg = Debug|Any CPU
		{D19846C3-0FC7-49E6-A8A8-CFB32746828D}.Debug|Any CPU.Build.0 = Debug|Any CPU
		{D19846C3-0FC7-49E6-A8A8-CFB32746828D}.Release|Any CPU.ActiveCfg = Release|Any CPU
		{D19846C3-0FC7-49E6-A8A8-CFB32746828D}.Release|Any CPU.Build.0 = Release|Any CPU
		{5565FAB8-F1F1-4BF8-BCB6-3F47CC7D96F2}.Debug|Any CPU.ActiveCfg = Debug|Any CPU
		{5565FAB8-F1F1-4BF8-BCB6-3F47CC7D96F2}.Debug|Any CPU.Build.0 = Debug|Any CPU
		{5565FAB8-F1F1-4BF8-BCB6-3F47CC7D96F2}.Release|Any CPU.ActiveCfg = Release|Any CPU
		{5565FAB8-F1F1-4BF8-BCB6-3F47CC7D96F2}.Release|Any CPU.Build.0 = Release|Any CPU
		{8275B7E2-9640-450E-8C59-C671ADCD782F}.Debug|Any CPU.ActiveCfg = Debug|Any CPU
		{8275B7E2-9640-450E-8C59-C671ADCD782F}.Debug|Any CPU.Build.0 = Debug|Any CPU
		{8275B7E2-9640-450E-8C59-C671ADCD782F}.Release|Any CPU.ActiveCfg = Release|Any CPU
		{8275B7E2-9640-450E-8C59-C671ADCD782F}.Release|Any CPU.Build.0 = Release|Any CPU
	EndGlobalSection
	GlobalSection(SolutionProperties) = preSolution
		HideSolutionNode = FALSE
	EndGlobalSection
	GlobalSection(NestedProjects) = preSolution
		{026FC253-8942-4BDA-B920-8C8321780428} = {300B7C29-7BF7-4EF1-8135-A3C3277331F1}
		{8EE87F29-C97D-4805-9285-E3ABBA8F9B06} = {CAA548B8-CB3E-40FC-BA72-EC3F60A0EF3A}
		{935ECCB7-597B-444C-B843-51E728C9268D} = {300B7C29-7BF7-4EF1-8135-A3C3277331F1}
		{CC63721B-8769-40ED-9316-F84DE4444455} = {300B7C29-7BF7-4EF1-8135-A3C3277331F1}
		{7BB6B8C2-64E6-41EB-A9E4-1EFA3E9749B9} = {5528CEC2-8C8B-4B5F-8AEF-85EA722252A5}
		{628B3AAE-5B2D-4982-9C46-59EF167A0F27} = {36947067-F049-4875-92AF-4F670134D7F8}
		{DBC10BE8-BA0D-44A5-9F7F-087BC3009509} = {909B2CD7-F16B-4D4E-84C4-916B2B6AAB58}
		{EDD0CF64-2D42-4BFB-B81A-22EB7E3A14AC} = {909B2CD7-F16B-4D4E-84C4-916B2B6AAB58}
		{56609929-3721-4B3C-8AAC-8DE9F79A4543} = {5528CEC2-8C8B-4B5F-8AEF-85EA722252A5}
		{AE37A6F3-1425-44AA-AD7E-4F78EC358FE1} = {5528CEC2-8C8B-4B5F-8AEF-85EA722252A5}
		{5FAF2E7E-7088-4DC8-8D40-88781E0D0DD6} = {36947067-F049-4875-92AF-4F670134D7F8}
		{2C301AC7-32D8-4C11-A26D-98B08F53A0A5} = {36947067-F049-4875-92AF-4F670134D7F8}
		{3D563AD1-DB6B-441D-864B-39D93450D4E6} = {5528CEC2-8C8B-4B5F-8AEF-85EA722252A5}
		{69775FDB-FBD5-407A-BF3A-50D566AF6E6B} = {36947067-F049-4875-92AF-4F670134D7F8}
		{195A1049-28BC-48D9-94AA-E9FBF01BF4CD} = {8084B0FF-24C8-4D00-A42A-27B1C44E612C}
		{91A2B47B-1DDD-443E-BCF2-FE8BC6EEE22E} = {C97D301D-5E0D-4C67-8DFE-7081466EBD55}
		{E068D715-61D9-4409-8DA2-15CA930A705E} = {8084B0FF-24C8-4D00-A42A-27B1C44E612C}
		{C97D301D-5E0D-4C67-8DFE-7081466EBD55} = {06076808-3F2F-4CDD-830C-D1508ED75D33}
		{8084B0FF-24C8-4D00-A42A-27B1C44E612C} = {06076808-3F2F-4CDD-830C-D1508ED75D33}
		{EAAAA6FC-C3C2-441B-83B9-29AF2D8A21BB} = {5528CEC2-8C8B-4B5F-8AEF-85EA722252A5}
		{CD30F89E-F052-4B96-B2B7-C9F20ABC50D7} = {36947067-F049-4875-92AF-4F670134D7F8}
		{B73C0778-8F3F-414F-85E1-FE0259467B3E} = {06076808-3F2F-4CDD-830C-D1508ED75D33}
		{5B1A3FEA-B50B-456C-84B1-B2ED0B987742} = {B73C0778-8F3F-414F-85E1-FE0259467B3E}
		{B56515D0-B708-48FE-8E16-EDBEC6B69CE0} = {B73C0778-8F3F-414F-85E1-FE0259467B3E}
		{0DE0664D-B59E-4DAF-9E76-6180C6D8F02F} = {FFD7F36F-1044-4DC4-81DC-12BDDF4ED0C4}
		{1A970B9D-716D-463F-9B8B-AAE7BE20F15E} = {FFD7F36F-1044-4DC4-81DC-12BDDF4ED0C4}
		{BFF7AE9F-4598-45AD-B269-6C5CD3CD6A7A} = {36947067-F049-4875-92AF-4F670134D7F8}
		{9D90FAA7-0A99-4F2D-B7D4-3A5BE8306406} = {36947067-F049-4875-92AF-4F670134D7F8}
		{02097C02-29D8-4619-AA23-F8BB39BAF4A9} = {5528CEC2-8C8B-4B5F-8AEF-85EA722252A5}
		{E0FFAEBC-A146-4406-8B25-1CF9708178A0} = {36947067-F049-4875-92AF-4F670134D7F8}
		{96DFE7E9-843E-4445-969A-9EA7BC995CE2} = {D3188470-465A-4856-B332-878D17E658B2}
		{79F0177B-E650-4B2D-B5C8-48331A0771D8} = {C97D301D-5E0D-4C67-8DFE-7081466EBD55}
		{E52901FA-E17C-4F77-9968-9FA1D89B948E} = {FFD7F36F-1044-4DC4-81DC-12BDDF4ED0C4}
		{D19846C3-0FC7-49E6-A8A8-CFB32746828D} = {FFD7F36F-1044-4DC4-81DC-12BDDF4ED0C4}
		{5565FAB8-F1F1-4BF8-BCB6-3F47CC7D96F2} = {5528CEC2-8C8B-4B5F-8AEF-85EA722252A5}
		{8275B7E2-9640-450E-8C59-C671ADCD782F} = {36947067-F049-4875-92AF-4F670134D7F8}
	EndGlobalSection
	GlobalSection(ExtensibilityGlobals) = postSolution
		SolutionGuid = {9FE780A5-7312-4ED4-8A76-CE4559C1AF05}
	EndGlobalSection
EndGlobal
